
Microsoft Visual Studio Solution File, Format Version 12.00
# Visual Studio 15
VisualStudioVersion = 15.0.26403.3
MinimumVisualStudioVersion = 10.0.40219.1
Project("{FAE04EC0-301F-11D3-BF4B-00C04F79EFBC}") = "ClientRtkGps", "ClientRtkGps\ClientRtkGps.csproj", "{BC1018F3-A8A6-40F4-95B7-CFFF8D0A9E92}"
EndProject
Project("{FAE04EC0-301F-11D3-BF4B-00C04F79EFBC}") = "MissionPlanner.Utilities", "MissionPlannerUtilities\MissionPlanner.Utilities.csproj", "{9555A142-76D8-4952-BD76-AA36E6AC8AD2}"
EndProject
Project("{9A19103F-16F7-4668-BE54-9A1E7A4F7556}") = "MissionPlanner.Comms", "Comms\MissionPlanner.Comms.csproj", "{1DA7F45D-9756-4CE5-BE7B-F23C24C5BEA9}"
EndProject
Project("{9A19103F-16F7-4668-BE54-9A1E7A4F7556}") = "MissionPlaner.MAVLink", "MissionPlannerMavlink\MissionPlaner.MAVLink.csproj", "{4C0DDE26-BFF7-4C3E-AD49-38F418040C4C}"
EndProject
Global
	GlobalSection(SolutionConfigurationPlatforms) = preSolution
		Debug|Any CPU = Debug|Any CPU
		Release|Any CPU = Release|Any CPU
	EndGlobalSection
	GlobalSection(ProjectConfigurationPlatforms) = postSolution
		{BC1018F3-A8A6-40F4-95B7-CFFF8D0A9E92}.Debug|Any CPU.ActiveCfg = Debug|Any CPU
		{BC1018F3-A8A6-40F4-95B7-CFFF8D0A9E92}.Debug|Any CPU.Build.0 = Debug|Any CPU
		{BC1018F3-A8A6-40F4-95B7-CFFF8D0A9E92}.Release|Any CPU.ActiveCfg = Release|Any CPU
		{BC1018F3-A8A6-40F4-95B7-CFFF8D0A9E92}.Release|Any CPU.Build.0 = Release|Any CPU
		{9555A142-76D8-4952-BD76-AA36E6AC8AD2}.Debug|Any CPU.ActiveCfg = Debug|Any CPU
		{9555A142-76D8-4952-BD76-AA36E6AC8AD2}.Debug|Any CPU.Build.0 = Debug|Any CPU
		{9555A142-76D8-4952-BD76-AA36E6AC8AD2}.Release|Any CPU.ActiveCfg = Release|Any CPU
		{9555A142-76D8-4952-BD76-AA36E6AC8AD2}.Release|Any CPU.Build.0 = Release|Any CPU
		{1DA7F45D-9756-4CE5-BE7B-F23C24C5BEA9}.Debug|Any CPU.ActiveCfg = Debug|Any CPU
		{1DA7F45D-9756-4CE5-BE7B-F23C24C5BEA9}.Debug|Any CPU.Build.0 = Debug|Any CPU
		{1DA7F45D-9756-4CE5-BE7B-F23C24C5BEA9}.Release|Any CPU.ActiveCfg = Release|Any CPU
		{1DA7F45D-9756-4CE5-BE7B-F23C24C5BEA9}.Release|Any CPU.Build.0 = Release|Any CPU
		{4C0DDE26-BFF7-4C3E-AD49-38F418040C4C}.Debug|Any CPU.ActiveCfg = Debug|Any CPU
		{4C0DDE26-BFF7-4C3E-AD49-38F418040C4C}.Debug|Any CPU.Build.0 = Debug|Any CPU
		{4C0DDE26-BFF7-4C3E-AD49-38F418040C4C}.Release|Any CPU.ActiveCfg = Release|Any CPU
		{4C0DDE26-BFF7-4C3E-AD49-38F418040C4C}.Release|Any CPU.Build.0 = Release|Any CPU
	EndGlobalSection
	GlobalSection(SolutionProperties) = preSolution
		HideSolutionNode = FALSE
	EndGlobalSection
EndGlobal
